
Microsoft Visual Studio Solution File, Format Version 12.00
# Visual Studio Version 17
VisualStudioVersion = 17.3.32825.248
MinimumVisualStudioVersion = 10.0.40219.1
Project("{9A19103F-16F7-4668-BE54-9A1E7A4F7556}") = "RazorHotelDB23", "RazorHotelDB23\RazorHotelDB23.csproj", "{EC4DBF1C-D3C5-4D8B-A43F-CC92DF24FF20}"
EndProject
Project("{FAE04EC0-301F-11D3-BF4B-00C04F79EFBC}") = "HotelTest", "HotelTest\HotelTest.csproj", "{7AE30482-2D1E-475B-B9D9-0B75D7060DF6}"
EndProject
Global
	GlobalSection(SolutionConfigurationPlatforms) = preSolution
		Debug|Any CPU = Debug|Any CPU
		Release|Any CPU = Release|Any CPU
	EndGlobalSection
	GlobalSection(ProjectConfigurationPlatforms) = postSolution
		{EC4DBF1C-D3C5-4D8B-A43F-CC92DF24FF20}.Debug|Any CPU.ActiveCfg = Debug|Any CPU
		{EC4DBF1C-D3C5-4D8B-A43F-CC92DF24FF20}.Debug|Any CPU.Build.0 = Debug|Any CPU
		{EC4DBF1C-D3C5-4D8B-A43F-CC92DF24FF20}.Release|Any CPU.ActiveCfg = Release|Any CPU
		{EC4DBF1C-D3C5-4D8B-A43F-CC92DF24FF20}.Release|Any CPU.Build.0 = Release|Any CPU
		{7AE30482-2D1E-475B-B9D9-0B75D7060DF6}.Debug|Any CPU.ActiveCfg = Debug|Any CPU
		{7AE30482-2D1E-475B-B9D9-0B75D7060DF6}.Debug|Any CPU.Build.0 = Debug|Any CPU
		{7AE30482-2D1E-475B-B9D9-0B75D7060DF6}.Release|Any CPU.ActiveCfg = Release|Any CPU
		{7AE30482-2D1E-475B-B9D9-0B75D7060DF6}.Release|Any CPU.Build.0 = Release|Any CPU
	EndGlobalSection
	GlobalSection(SolutionProperties) = preSolution
		HideSolutionNode = FALSE
	EndGlobalSection
	GlobalSection(ExtensibilityGlobals) = postSolution
		SolutionGuid = {D4EFD18A-E9DC-436E-94D6-FC7DC6D67455}
	EndGlobalSection
EndGlobal
